
Microsoft Visual Studio Solution File, Format Version 12.00
# Visual Studio 15
VisualStudioVersion = 15.0.28307.329
MinimumVisualStudioVersion = 10.0.40219.1
Project("{FAE04EC0-301F-11D3-BF4B-00C04F79EFBC}") = "Screenshot", "Screenshot\Screenshot.csproj", "{303E569F-8F4C-4DC7-B9B1-77EF49031752}"
EndProject
Global
	GlobalSection(SolutionConfigurationPlatforms) = preSolution
		Debug|Any CPU = Debug|Any CPU
		Release|Any CPU = Release|Any CPU
	EndGlobalSection
	GlobalSection(ProjectConfigurationPlatforms) = postSolution
		{303E569F-8F4C-4DC7-B9B1-77EF49031752}.Debug|Any CPU.ActiveCfg = Debug|Any CPU
		{303E569F-8F4C-4DC7-B9B1-77EF49031752}.Debug|Any CPU.Build.0 = Debug|Any CPU
		{303E569F-8F4C-4DC7-B9B1-77EF49031752}.Release|Any CPU.ActiveCfg = Release|Any CPU
		{303E569F-8F4C-4DC7-B9B1-77EF49031752}.Release|Any CPU.Build.0 = Release|Any CPU
	EndGlobalSection
	GlobalSection(SolutionProperties) = preSolution
		HideSolutionNode = FALSE
	EndGlobalSection
	GlobalSection(ExtensibilityGlobals) = postSolution
		SolutionGuid = {D0164106-C78C-40F8-BC17-E4AF1DD5E7DC}
	EndGlobalSection
EndGlobal
